
Microsoft Visual Studio Solution File, Format Version 12.00
# Visual Studio Version 17
VisualStudioVersion = 17.7.34018.315
MinimumVisualStudioVersion = 10.0.40219.1
Project("{FAE04EC0-301F-11D3-BF4B-00C04F79EFBC}") = "1.7-Section 5", "1.7-Section 5\1.7-Section 5.csproj", "{907C5079-A1A7-4615-9D4C-EC3027913126}"
EndProject
Global
	GlobalSection(SolutionConfigurationPlatforms) = preSolution
		Debug|Any CPU = Debug|Any CPU
		Release|Any CPU = Release|Any CPU
	EndGlobalSection
	GlobalSection(ProjectConfigurationPlatforms) = postSolution
		{907C5079-A1A7-4615-9D4C-EC3027913126}.Debug|Any CPU.ActiveCfg = Debug|Any CPU
		{907C5079-A1A7-4615-9D4C-EC3027913126}.Debug|Any CPU.Build.0 = Debug|Any CPU
		{907C5079-A1A7-4615-9D4C-EC3027913126}.Release|Any CPU.ActiveCfg = Release|Any CPU
		{907C5079-A1A7-4615-9D4C-EC3027913126}.Release|Any CPU.Build.0 = Release|Any CPU
	EndGlobalSection
	GlobalSection(SolutionProperties) = preSolution
		HideSolutionNode = FALSE
	EndGlobalSection
	GlobalSection(ExtensibilityGlobals) = postSolution
		SolutionGuid = {36D2E700-226A-49B0-80B2-72D6F1AB5302}
	EndGlobalSection
EndGlobal
